
Microsoft Visual Studio Solution File, Format Version 11.00
# Visual Studio 2010
Project("{FAE04EC0-301F-11D3-BF4B-00C04F79EFBC}") = "WF.SDK.Fax", "WF.SDK.Fax\WF.SDK.Fax.csproj", "{25916F3B-A0E6-4C05-AFB0-560A456BCD82}"
	ProjectSection(ProjectDependencies) = postProject
		{16657951-A080-4251-A196-A62120B25EE7} = {16657951-A080-4251-A196-A62120B25EE7}
	EndProjectSection
EndProject
Project("{FAE04EC0-301F-11D3-BF4B-00C04F79EFBC}") = "WF.SDK.Common", "WF.SDK.Common\WF.SDK.Common.csproj", "{16657951-A080-4251-A196-A62120B25EE7}"
EndProject
Project("{FAE04EC0-301F-11D3-BF4B-00C04F79EFBC}") = "WF.SDK.Fax.Demo", "WF.SDK.Demo\WF.SDK.Fax.Demo.csproj", "{79942F67-869E-46A1-B79C-8BFBCD3B268D}"
EndProject
Project("{FAE04EC0-301F-11D3-BF4B-00C04F79EFBC}") = "WF.NotificationHandler.Sample", "WF.NotificationHandler.Sample\WF.NotificationHandler.Sample.csproj", "{8AE8C29B-D2E4-4AE4-AB13-F65BD0ED3DBE}"
EndProject
Global
	GlobalSection(SolutionConfigurationPlatforms) = preSolution
		Debug|Any CPU = Debug|Any CPU
		Debug|Mixed Platforms = Debug|Mixed Platforms
		Debug|x86 = Debug|x86
		Release|Any CPU = Release|Any CPU
		Release|Mixed Platforms = Release|Mixed Platforms
		Release|x86 = Release|x86
	EndGlobalSection
	GlobalSection(ProjectConfigurationPlatforms) = postSolution
		{25916F3B-A0E6-4C05-AFB0-560A456BCD82}.Debug|Any CPU.ActiveCfg = Debug|x86
		{25916F3B-A0E6-4C05-AFB0-560A456BCD82}.Debug|Mixed Platforms.ActiveCfg = Debug|x86
		{25916F3B-A0E6-4C05-AFB0-560A456BCD82}.Debug|Mixed Platforms.Build.0 = Debug|x86
		{25916F3B-A0E6-4C05-AFB0-560A456BCD82}.Debug|x86.ActiveCfg = Debug|x86
		{25916F3B-A0E6-4C05-AFB0-560A456BCD82}.Debug|x86.Build.0 = Debug|x86
		{25916F3B-A0E6-4C05-AFB0-560A456BCD82}.Release|Any CPU.ActiveCfg = Debug|x86
		{25916F3B-A0E6-4C05-AFB0-560A456BCD82}.Release|Mixed Platforms.ActiveCfg = Debug|x86
		{25916F3B-A0E6-4C05-AFB0-560A456BCD82}.Release|Mixed Platforms.Build.0 = Debug|x86
		{25916F3B-A0E6-4C05-AFB0-560A456BCD82}.Release|x86.ActiveCfg = Debug|x86
		{25916F3B-A0E6-4C05-AFB0-560A456BCD82}.Release|x86.Build.0 = Debug|x86
		{16657951-A080-4251-A196-A62120B25EE7}.Debug|Any CPU.ActiveCfg = Debug|x86
		{16657951-A080-4251-A196-A62120B25EE7}.Debug|Mixed Platforms.ActiveCfg = Debug|x86
		{16657951-A080-4251-A196-A62120B25EE7}.Debug|Mixed Platforms.Build.0 = Debug|x86
		{16657951-A080-4251-A196-A62120B25EE7}.Debug|x86.ActiveCfg = Debug|x86
		{16657951-A080-4251-A196-A62120B25EE7}.Debug|x86.Build.0 = Debug|x86
		{16657951-A080-4251-A196-A62120B25EE7}.Release|Any CPU.ActiveCfg = Debug|x86
		{16657951-A080-4251-A196-A62120B25EE7}.Release|Mixed Platforms.ActiveCfg = Debug|x86
		{16657951-A080-4251-A196-A62120B25EE7}.Release|Mixed Platforms.Build.0 = Debug|x86
		{16657951-A080-4251-A196-A62120B25EE7}.Release|x86.ActiveCfg = Debug|x86
		{16657951-A080-4251-A196-A62120B25EE7}.Release|x86.Build.0 = Debug|x86
		{79942F67-869E-46A1-B79C-8BFBCD3B268D}.Debug|Any CPU.ActiveCfg = Debug|x86
		{79942F67-869E-46A1-B79C-8BFBCD3B268D}.Debug|Mixed Platforms.ActiveCfg = Debug|x86
		{79942F67-869E-46A1-B79C-8BFBCD3B268D}.Debug|Mixed Platforms.Build.0 = Debug|x86
		{79942F67-869E-46A1-B79C-8BFBCD3B268D}.Debug|x86.ActiveCfg = Debug|x86
		{79942F67-869E-46A1-B79C-8BFBCD3B268D}.Debug|x86.Build.0 = Debug|x86
		{79942F67-869E-46A1-B79C-8BFBCD3B268D}.Release|Any CPU.ActiveCfg = Debug|x86
		{79942F67-869E-46A1-B79C-8BFBCD3B268D}.Release|Mixed Platforms.ActiveCfg = Debug|x86
		{79942F67-869E-46A1-B79C-8BFBCD3B268D}.Release|Mixed Platforms.Build.0 = Debug|x86
		{79942F67-869E-46A1-B79C-8BFBCD3B268D}.Release|x86.ActiveCfg = Debug|x86
		{79942F67-869E-46A1-B79C-8BFBCD3B268D}.Release|x86.Build.0 = Debug|x86
		{8AE8C29B-D2E4-4AE4-AB13-F65BD0ED3DBE}.Debug|Any CPU.ActiveCfg = Debug|Any CPU
		{8AE8C29B-D2E4-4AE4-AB13-F65BD0ED3DBE}.Debug|Any CPU.Build.0 = Debug|Any CPU
		{8AE8C29B-D2E4-4AE4-AB13-F65BD0ED3DBE}.Debug|Mixed Platforms.ActiveCfg = Debug|Any CPU
		{8AE8C29B-D2E4-4AE4-AB13-F65BD0ED3DBE}.Debug|Mixed Platforms.Build.0 = Debug|Any CPU
		{8AE8C29B-D2E4-4AE4-AB13-F65BD0ED3DBE}.Debug|x86.ActiveCfg = Debug|Any CPU
		{8AE8C29B-D2E4-4AE4-AB13-F65BD0ED3DBE}.Release|Any CPU.ActiveCfg = Release|Any CPU
		{8AE8C29B-D2E4-4AE4-AB13-F65BD0ED3DBE}.Release|Any CPU.Build.0 = Release|Any CPU
		{8AE8C29B-D2E4-4AE4-AB13-F65BD0ED3DBE}.Release|Mixed Platforms.ActiveCfg = Release|Any CPU
		{8AE8C29B-D2E4-4AE4-AB13-F65BD0ED3DBE}.Release|Mixed Platforms.Build.0 = Release|Any CPU
		{8AE8C29B-D2E4-4AE4-AB13-F65BD0ED3DBE}.Release|x86.ActiveCfg = Release|Any CPU
	EndGlobalSection
	GlobalSection(SolutionProperties) = preSolution
		HideSolutionNode = FALSE
	EndGlobalSection
EndGlobal
